Microsoft Visual Studio Solution File, Format Version 10.00
# Visual Studio 2008
Project("{FAE04EC0-301F-11D3-BF4B-00C04F79EFBC}") = "Radegast", "..\radegast\Radegast\Radegast.csproj", "{D337B8BB-BB33-42FF-87D2-13FF946F7954}"
EndProject
Project("{FAE04EC0-301F-11D3-BF4B-00C04F79EFBC}") = "Radegast.Plugin.Demo", "..\radegast\plugins\Radegast.Plugin.Demo\Radegast.Plugin.Demo.csproj", "{F268F12F-37E0-42F1-9516-5FAE423E6E60}"
EndProject
Project("{FAE04EC0-301F-11D3-BF4B-00C04F79EFBC}") = "RadSpeechMac", "..\radegast\plugins\Radegast.Plugin.Speech\RadSpeechMac\RadSpeechMac.csproj", "{5D0540BC-0839-4921-A8E5-FAA7B000B0CC}"
EndProject
Project("{FAE04EC0-301F-11D3-BF4B-00C04F79EFBC}") = "Radegast.Plugin.Alice", "..\radegast\plugins\Radegast.Plugin.Alice\Radegast.Plugin.Alice.csproj", "{99931CAA-197E-4DEE-8375-CFDC20133F85}"
EndProject
Project("{FAE04EC0-301F-11D3-BF4B-00C04F79EFBC}") = "OpenMetaverse.StructuredData", "..\libopenmetaverse\OpenMetaverse.StructuredData\OpenMetaverse.StructuredData.csproj", "{C2C7BC74-768B-4309-A639-D7663ABC6539}"
EndProject
Project("{FAE04EC0-301F-11D3-BF4B-00C04F79EFBC}") = "Radegast.Plugin.Speech", "..\radegast\plugins\Radegast.Plugin.Speech\RadSpeech\Radegast.Plugin.Speech.csproj", "{0CB224D9-08D8-4877-A1BB-459BC7AF2E50}"
EndProject
Project("{FAE04EC0-301F-11D3-BF4B-00C04F79EFBC}") = "OpenMetaverseTypes", "..\libopenmetaverse\OpenMetaverseTypes\OpenMetaverseTypes.csproj", "{F380C333-39C0-42B3-8E8A-01E421BBC924}"
EndProject
Project("{FAE04EC0-301F-11D3-BF4B-00C04F79EFBC}") = "RadSpeechWin", "..\radegast\plugins\Radegast.Plugin.Speech\RadSpeechWin\RadSpeechWin.csproj", "{FD954558-A9E0-4821-B98F-58D7E3F19956}"
EndProject
Project("{FAE04EC0-301F-11D3-BF4B-00C04F79EFBC}") = "OpenMetaverse.Rendering.Meshmerizer", "..\libopenmetaverse\OpenMetaverse.Rendering.Meshmerizer\OpenMetaverse.Rendering.Meshmerizer.csproj", "{8215EA79-BBC7-446C-B057-ED20F78B1569}"
EndProject
Project("{FAE04EC0-301F-11D3-BF4B-00C04F79EFBC}") = "OpenMetaverse", "..\libopenmetaverse\OpenMetaverse\OpenMetaverse.csproj", "{D445898B-3F1F-4856-BA4A-7FC704B498EB}"
EndProject
Project("{FAE04EC0-301F-11D3-BF4B-00C04F79EFBC}") = "RadSpeechLin", "..\radegast\plugins\Radegast.Plugin.Speech\RadSpeechLin\RadSpeechLin.csproj", "{CB525B2F-BDB8-44ED-80C5-05FF8C9D55FD}"
EndProject
Global
	GlobalSection(SolutionConfigurationPlatforms) = preSolution
		Debug|x86 = Debug|x86
		Release|x86 = Release|x86
	EndGlobalSection
	GlobalSection(ProjectConfigurationPlatforms) = postSolution
		{D337B8BB-BB33-42FF-87D2-13FF946F7954}.Debug|x86.ActiveCfg = Debug|x86
		{D337B8BB-BB33-42FF-87D2-13FF946F7954}.Debug|x86.Build.0 = Debug|x86
		{D337B8BB-BB33-42FF-87D2-13FF946F7954}.Release|x86.ActiveCfg = Release|x86
		{D337B8BB-BB33-42FF-87D2-13FF946F7954}.Release|x86.Build.0 = Release|x86
		{F268F12F-37E0-42F1-9516-5FAE423E6E60}.Debug|x86.ActiveCfg = Debug|x86
		{F268F12F-37E0-42F1-9516-5FAE423E6E60}.Debug|x86.Build.0 = Debug|x86
		{F268F12F-37E0-42F1-9516-5FAE423E6E60}.Release|x86.ActiveCfg = Release|x86
		{F268F12F-37E0-42F1-9516-5FAE423E6E60}.Release|x86.Build.0 = Release|x86
		{5D0540BC-0839-4921-A8E5-FAA7B000B0CC}.Debug|x86.ActiveCfg = Debug|x86
		{5D0540BC-0839-4921-A8E5-FAA7B000B0CC}.Debug|x86.Build.0 = Debug|x86
		{5D0540BC-0839-4921-A8E5-FAA7B000B0CC}.Release|x86.ActiveCfg = Release|x86
		{5D0540BC-0839-4921-A8E5-FAA7B000B0CC}.Release|x86.Build.0 = Release|x86
		{99931CAA-197E-4DEE-8375-CFDC20133F85}.Debug|x86.ActiveCfg = Debug|x86
		{99931CAA-197E-4DEE-8375-CFDC20133F85}.Debug|x86.Build.0 = Debug|x86
		{99931CAA-197E-4DEE-8375-CFDC20133F85}.Release|x86.ActiveCfg = Release|x86
		{99931CAA-197E-4DEE-8375-CFDC20133F85}.Release|x86.Build.0 = Release|x86
		{C2C7BC74-768B-4309-A639-D7663ABC6539}.Debug|x86.ActiveCfg = Debug|x86
		{C2C7BC74-768B-4309-A639-D7663ABC6539}.Debug|x86.Build.0 = Debug|x86
		{C2C7BC74-768B-4309-A639-D7663ABC6539}.Release|x86.ActiveCfg = Release|x86
		{C2C7BC74-768B-4309-A639-D7663ABC6539}.Release|x86.Build.0 = Release|x86
		{0CB224D9-08D8-4877-A1BB-459BC7AF2E50}.Debug|x86.ActiveCfg = Debug|x86
		{0CB224D9-08D8-4877-A1BB-459BC7AF2E50}.Debug|x86.Build.0 = Debug|x86
		{0CB224D9-08D8-4877-A1BB-459BC7AF2E50}.Release|x86.ActiveCfg = Release|x86
		{0CB224D9-08D8-4877-A1BB-459BC7AF2E50}.Release|x86.Build.0 = Release|x86
		{F380C333-39C0-42B3-8E8A-01E421BBC924}.Debug|x86.ActiveCfg = Debug|x86
		{F380C333-39C0-42B3-8E8A-01E421BBC924}.Debug|x86.Build.0 = Debug|x86
		{F380C333-39C0-42B3-8E8A-01E421BBC924}.Release|x86.ActiveCfg = Release|x86
		{F380C333-39C0-42B3-8E8A-01E421BBC924}.Release|x86.Build.0 = Release|x86
		{FD954558-A9E0-4821-B98F-58D7E3F19956}.Debug|x86.ActiveCfg = Debug|x86
		{FD954558-A9E0-4821-B98F-58D7E3F19956}.Debug|x86.Build.0 = Debug|x86
		{FD954558-A9E0-4821-B98F-58D7E3F19956}.Release|x86.ActiveCfg = Release|x86
		{FD954558-A9E0-4821-B98F-58D7E3F19956}.Release|x86.Build.0 = Release|x86
		{8215EA79-BBC7-446C-B057-ED20F78B1569}.Debug|x86.ActiveCfg = Debug|x86
		{8215EA79-BBC7-446C-B057-ED20F78B1569}.Debug|x86.Build.0 = Debug|x86
		{8215EA79-BBC7-446C-B057-ED20F78B1569}.Release|x86.ActiveCfg = Release|x86
		{8215EA79-BBC7-446C-B057-ED20F78B1569}.Release|x86.Build.0 = Release|x86
		{D445898B-3F1F-4856-BA4A-7FC704B498EB}.Debug|x86.ActiveCfg = Debug|x86
		{D445898B-3F1F-4856-BA4A-7FC704B498EB}.Debug|x86.Build.0 = Debug|x86
		{D445898B-3F1F-4856-BA4A-7FC704B498EB}.Release|x86.ActiveCfg = Release|x86
		{D445898B-3F1F-4856-BA4A-7FC704B498EB}.Release|x86.Build.0 = Release|x86
		{CB525B2F-BDB8-44ED-80C5-05FF8C9D55FD}.Debug|x86.ActiveCfg = Debug|x86
		{CB525B2F-BDB8-44ED-80C5-05FF8C9D55FD}.Debug|x86.Build.0 = Debug|x86
		{CB525B2F-BDB8-44ED-80C5-05FF8C9D55FD}.Release|x86.ActiveCfg = Release|x86
		{CB525B2F-BDB8-44ED-80C5-05FF8C9D55FD}.Release|x86.Build.0 = Release|x86
	EndGlobalSection
EndGlobal
