Microsoft Visual Studio Solution File, Format Version 10.00
# Visual C# Express 2008
Project("{FAE04EC0-301F-11D3-BF4B-00C04F79EFBC}") = "Radegast", "Radegast\Radegast.csproj", "{D3AC9276-2055-4F78-BFA8-166A3D377EEF}"
EndProject
Project("{FAE04EC0-301F-11D3-BF4B-00C04F79EFBC}") = "Radegast.Plugin.Demo", "plugins\Radegast.Plugin.Demo\Radegast.Plugin.Demo.csproj", "{F611E584-E4BF-4C41-9328-BB15471521CC}"
EndProject
Project("{FAE04EC0-301F-11D3-BF4B-00C04F79EFBC}") = "Radegast.Plugin.Alice", "plugins\Radegast.Plugin.Alice\Radegast.Plugin.Alice.csproj", "{EA01D941-F72C-45C8-AE7A-D35B89366814}"
EndProject
Project("{FAE04EC0-301F-11D3-BF4B-00C04F79EFBC}") = "OpenMetaverse.StructuredData", "..\libopenmetaverse\OpenMetaverse.StructuredData\OpenMetaverse.StructuredData.csproj", "{3BC2111E-F682-4453-AAB0-0AC39571F87F}"
EndProject
Project("{FAE04EC0-301F-11D3-BF4B-00C04F79EFBC}") = "OpenMetaverse.Http", "..\libopenmetaverse\OpenMetaverse.Http\OpenMetaverse.Http.csproj", "{EF2525B0-3825-49AE-862D-D01D36ECA4F5}"
EndProject
Project("{FAE04EC0-301F-11D3-BF4B-00C04F79EFBC}") = "HttpServer", "..\libopenmetaverse\HttpServer\HttpServer.csproj", "{455E7D70-1C85-4D7F-9F01-DC801B8B8C34}"
EndProject
Project("{FAE04EC0-301F-11D3-BF4B-00C04F79EFBC}") = "OpenMetaverseTypes", "..\libopenmetaverse\OpenMetaverseTypes\OpenMetaverseTypes.csproj", "{72453664-914F-4765-9D20-0145A6E62C02}"
EndProject
Project("{FAE04EC0-301F-11D3-BF4B-00C04F79EFBC}") = "OpenMetaverse", "..\libopenmetaverse\OpenMetaverse\OpenMetaverse.csproj", "{8FE9DF1D-BEE0-4B3E-9033-45180A54BA4B}"
EndProject
Project("{FAE04EC0-301F-11D3-BF4B-00C04F79EFBC}") = "Radegast.Plugin.Voice", "plugins\Radegast.Plugin.Voice\Radegast.Plugin.Voice.csproj", "{26579F67-238A-4848-89B1-1E47FCA4BE3F}"
EndProject
Global
	GlobalSection(SolutionConfigurationPlatforms) = preSolution
		Debug|Any CPU = Debug|Any CPU
		Release|Any CPU = Release|Any CPU
	EndGlobalSection
	GlobalSection(ProjectConfigurationPlatforms) = postSolution
		{D3AC9276-2055-4F78-BFA8-166A3D377EEF}.Debug|Any CPU.ActiveCfg = Debug|Any CPU
		{D3AC9276-2055-4F78-BFA8-166A3D377EEF}.Debug|Any CPU.Build.0 = Debug|Any CPU
		{D3AC9276-2055-4F78-BFA8-166A3D377EEF}.Release|Any CPU.ActiveCfg = Release|Any CPU
		{D3AC9276-2055-4F78-BFA8-166A3D377EEF}.Release|Any CPU.Build.0 = Release|Any CPU
		{F611E584-E4BF-4C41-9328-BB15471521CC}.Debug|Any CPU.ActiveCfg = Debug|Any CPU
		{F611E584-E4BF-4C41-9328-BB15471521CC}.Debug|Any CPU.Build.0 = Debug|Any CPU
		{F611E584-E4BF-4C41-9328-BB15471521CC}.Release|Any CPU.ActiveCfg = Release|Any CPU
		{F611E584-E4BF-4C41-9328-BB15471521CC}.Release|Any CPU.Build.0 = Release|Any CPU
		{EA01D941-F72C-45C8-AE7A-D35B89366814}.Debug|Any CPU.ActiveCfg = Debug|Any CPU
		{EA01D941-F72C-45C8-AE7A-D35B89366814}.Debug|Any CPU.Build.0 = Debug|Any CPU
		{EA01D941-F72C-45C8-AE7A-D35B89366814}.Release|Any CPU.ActiveCfg = Release|Any CPU
		{EA01D941-F72C-45C8-AE7A-D35B89366814}.Release|Any CPU.Build.0 = Release|Any CPU
		{3BC2111E-F682-4453-AAB0-0AC39571F87F}.Debug|Any CPU.ActiveCfg = Debug|Any CPU
		{3BC2111E-F682-4453-AAB0-0AC39571F87F}.Debug|Any CPU.Build.0 = Debug|Any CPU
		{3BC2111E-F682-4453-AAB0-0AC39571F87F}.Release|Any CPU.ActiveCfg = Release|Any CPU
		{3BC2111E-F682-4453-AAB0-0AC39571F87F}.Release|Any CPU.Build.0 = Release|Any CPU
		{EF2525B0-3825-49AE-862D-D01D36ECA4F5}.Debug|Any CPU.ActiveCfg = Debug|Any CPU
		{EF2525B0-3825-49AE-862D-D01D36ECA4F5}.Debug|Any CPU.Build.0 = Debug|Any CPU
		{EF2525B0-3825-49AE-862D-D01D36ECA4F5}.Release|Any CPU.ActiveCfg = Release|Any CPU
		{EF2525B0-3825-49AE-862D-D01D36ECA4F5}.Release|Any CPU.Build.0 = Release|Any CPU
		{455E7D70-1C85-4D7F-9F01-DC801B8B8C34}.Debug|Any CPU.ActiveCfg = Debug|Any CPU
		{455E7D70-1C85-4D7F-9F01-DC801B8B8C34}.Debug|Any CPU.Build.0 = Debug|Any CPU
		{455E7D70-1C85-4D7F-9F01-DC801B8B8C34}.Release|Any CPU.ActiveCfg = Release|Any CPU
		{455E7D70-1C85-4D7F-9F01-DC801B8B8C34}.Release|Any CPU.Build.0 = Release|Any CPU
		{72453664-914F-4765-9D20-0145A6E62C02}.Debug|Any CPU.ActiveCfg = Debug|Any CPU
		{72453664-914F-4765-9D20-0145A6E62C02}.Debug|Any CPU.Build.0 = Debug|Any CPU
		{72453664-914F-4765-9D20-0145A6E62C02}.Release|Any CPU.ActiveCfg = Release|Any CPU
		{72453664-914F-4765-9D20-0145A6E62C02}.Release|Any CPU.Build.0 = Release|Any CPU
		{8FE9DF1D-BEE0-4B3E-9033-45180A54BA4B}.Debug|Any CPU.ActiveCfg = Debug|Any CPU
		{8FE9DF1D-BEE0-4B3E-9033-45180A54BA4B}.Debug|Any CPU.Build.0 = Debug|Any CPU
		{8FE9DF1D-BEE0-4B3E-9033-45180A54BA4B}.Release|Any CPU.ActiveCfg = Release|Any CPU
		{8FE9DF1D-BEE0-4B3E-9033-45180A54BA4B}.Release|Any CPU.Build.0 = Release|Any CPU
		{26579F67-238A-4848-89B1-1E47FCA4BE3F}.Debug|Any CPU.ActiveCfg = Debug|Any CPU
		{26579F67-238A-4848-89B1-1E47FCA4BE3F}.Debug|Any CPU.Build.0 = Debug|Any CPU
		{26579F67-238A-4848-89B1-1E47FCA4BE3F}.Release|Any CPU.ActiveCfg = Release|Any CPU
		{26579F67-238A-4848-89B1-1E47FCA4BE3F}.Release|Any CPU.Build.0 = Release|Any CPU
	EndGlobalSection
	GlobalSection(SolutionProperties) = preSolution
		HideSolutionNode = FALSE
	EndGlobalSection
EndGlobal
