Microsoft Visual Studio Solution File, Format Version 11.00
# Visual C# Express 2010
Project("{FAE04EC0-301F-11D3-BF4B-00C04F79EFBC}") = "Radegast", "Radegast\Radegast.csproj", "{F889FAE5-4E2D-4D1D-BB9D-67BB3540F737}"
EndProject
Project("{FAE04EC0-301F-11D3-BF4B-00C04F79EFBC}") = "Radegast.Plugin.Demo", "plugins\Radegast.Plugin.Demo\Radegast.Plugin.Demo.csproj", "{000C15AC-AAAB-49CF-94D2-6A5AEB57BE9A}"
EndProject
Project("{FAE04EC0-301F-11D3-BF4B-00C04F79EFBC}") = "RadSpeechMac", "plugins\Radegast.Plugin.Speech\RadSpeechMac\RadSpeechMac.csproj", "{24857CC6-C8AB-4FDF-B594-8D943A615DD8}"
EndProject
Project("{FAE04EC0-301F-11D3-BF4B-00C04F79EFBC}") = "Radegast.Plugin.Alice", "plugins\Radegast.Plugin.Alice\Radegast.Plugin.Alice.csproj", "{33952DDD-E4EF-4BE7-93FF-CCE7786625EA}"
EndProject
Project("{FAE04EC0-301F-11D3-BF4B-00C04F79EFBC}") = "OpenMetaverse.StructuredData", "..\libopenmetaverse\OpenMetaverse.StructuredData\OpenMetaverse.StructuredData.csproj", "{ECC1DAF8-9512-4D8F-8295-787075E46485}"
EndProject
Project("{FAE04EC0-301F-11D3-BF4B-00C04F79EFBC}") = "Radegast.Plugin.Speech", "plugins\Radegast.Plugin.Speech\RadSpeech\Radegast.Plugin.Speech.csproj", "{0277589E-7718-4878-AFB5-18548DAE268A}"
EndProject
Project("{FAE04EC0-301F-11D3-BF4B-00C04F79EFBC}") = "OpenMetaverseTypes", "..\libopenmetaverse\OpenMetaverseTypes\OpenMetaverseTypes.csproj", "{7A11F1E7-20F5-42A7-8140-AAD41519E693}"
EndProject
Project("{FAE04EC0-301F-11D3-BF4B-00C04F79EFBC}") = "RadSpeechWin", "plugins\Radegast.Plugin.Speech\RadSpeechWin\RadSpeechWin.csproj", "{E7C0DD99-A40A-4732-A723-F3482CA08F22}"
EndProject
Project("{FAE04EC0-301F-11D3-BF4B-00C04F79EFBC}") = "OpenMetaverse.Rendering.Meshmerizer", "..\libopenmetaverse\OpenMetaverse.Rendering.Meshmerizer\OpenMetaverse.Rendering.Meshmerizer.csproj", "{E8091347-E23B-4BEC-BE36-26C855849807}"
EndProject
Project("{FAE04EC0-301F-11D3-BF4B-00C04F79EFBC}") = "OpenMetaverse", "..\libopenmetaverse\OpenMetaverse\OpenMetaverse.csproj", "{9F719099-AC14-43C2-A02C-1C5DACD0690E}"
EndProject
Project("{FAE04EC0-301F-11D3-BF4B-00C04F79EFBC}") = "RadSpeechLin", "plugins\Radegast.Plugin.Speech\RadSpeechLin\RadSpeechLin.csproj", "{320F9B62-E2B8-46D7-B70A-F3C53B8C3A17}"
EndProject
Global
	GlobalSection(SolutionConfigurationPlatforms) = preSolution
		Debug|x86 = Debug|x86
		Release|x86 = Release|x86
	EndGlobalSection
	GlobalSection(ProjectConfigurationPlatforms) = postSolution
		{F889FAE5-4E2D-4D1D-BB9D-67BB3540F737}.Debug|x86.ActiveCfg = Debug|x86
		{F889FAE5-4E2D-4D1D-BB9D-67BB3540F737}.Debug|x86.Build.0 = Debug|x86
		{F889FAE5-4E2D-4D1D-BB9D-67BB3540F737}.Release|x86.ActiveCfg = Release|x86
		{F889FAE5-4E2D-4D1D-BB9D-67BB3540F737}.Release|x86.Build.0 = Release|x86
		{000C15AC-AAAB-49CF-94D2-6A5AEB57BE9A}.Debug|x86.ActiveCfg = Debug|x86
		{000C15AC-AAAB-49CF-94D2-6A5AEB57BE9A}.Debug|x86.Build.0 = Debug|x86
		{000C15AC-AAAB-49CF-94D2-6A5AEB57BE9A}.Release|x86.ActiveCfg = Release|x86
		{000C15AC-AAAB-49CF-94D2-6A5AEB57BE9A}.Release|x86.Build.0 = Release|x86
		{24857CC6-C8AB-4FDF-B594-8D943A615DD8}.Debug|x86.ActiveCfg = Debug|x86
		{24857CC6-C8AB-4FDF-B594-8D943A615DD8}.Debug|x86.Build.0 = Debug|x86
		{24857CC6-C8AB-4FDF-B594-8D943A615DD8}.Release|x86.ActiveCfg = Release|x86
		{24857CC6-C8AB-4FDF-B594-8D943A615DD8}.Release|x86.Build.0 = Release|x86
		{33952DDD-E4EF-4BE7-93FF-CCE7786625EA}.Debug|x86.ActiveCfg = Debug|x86
		{33952DDD-E4EF-4BE7-93FF-CCE7786625EA}.Debug|x86.Build.0 = Debug|x86
		{33952DDD-E4EF-4BE7-93FF-CCE7786625EA}.Release|x86.ActiveCfg = Release|x86
		{33952DDD-E4EF-4BE7-93FF-CCE7786625EA}.Release|x86.Build.0 = Release|x86
		{ECC1DAF8-9512-4D8F-8295-787075E46485}.Debug|x86.ActiveCfg = Debug|x86
		{ECC1DAF8-9512-4D8F-8295-787075E46485}.Debug|x86.Build.0 = Debug|x86
		{ECC1DAF8-9512-4D8F-8295-787075E46485}.Release|x86.ActiveCfg = Release|x86
		{ECC1DAF8-9512-4D8F-8295-787075E46485}.Release|x86.Build.0 = Release|x86
		{0277589E-7718-4878-AFB5-18548DAE268A}.Debug|x86.ActiveCfg = Debug|x86
		{0277589E-7718-4878-AFB5-18548DAE268A}.Debug|x86.Build.0 = Debug|x86
		{0277589E-7718-4878-AFB5-18548DAE268A}.Release|x86.ActiveCfg = Release|x86
		{0277589E-7718-4878-AFB5-18548DAE268A}.Release|x86.Build.0 = Release|x86
		{7A11F1E7-20F5-42A7-8140-AAD41519E693}.Debug|x86.ActiveCfg = Debug|x86
		{7A11F1E7-20F5-42A7-8140-AAD41519E693}.Debug|x86.Build.0 = Debug|x86
		{7A11F1E7-20F5-42A7-8140-AAD41519E693}.Release|x86.ActiveCfg = Release|x86
		{7A11F1E7-20F5-42A7-8140-AAD41519E693}.Release|x86.Build.0 = Release|x86
		{E7C0DD99-A40A-4732-A723-F3482CA08F22}.Debug|x86.ActiveCfg = Debug|x86
		{E7C0DD99-A40A-4732-A723-F3482CA08F22}.Debug|x86.Build.0 = Debug|x86
		{E7C0DD99-A40A-4732-A723-F3482CA08F22}.Release|x86.ActiveCfg = Release|x86
		{E7C0DD99-A40A-4732-A723-F3482CA08F22}.Release|x86.Build.0 = Release|x86
		{E8091347-E23B-4BEC-BE36-26C855849807}.Debug|x86.ActiveCfg = Debug|x86
		{E8091347-E23B-4BEC-BE36-26C855849807}.Debug|x86.Build.0 = Debug|x86
		{E8091347-E23B-4BEC-BE36-26C855849807}.Release|x86.ActiveCfg = Release|x86
		{E8091347-E23B-4BEC-BE36-26C855849807}.Release|x86.Build.0 = Release|x86
		{9F719099-AC14-43C2-A02C-1C5DACD0690E}.Debug|x86.ActiveCfg = Debug|x86
		{9F719099-AC14-43C2-A02C-1C5DACD0690E}.Debug|x86.Build.0 = Debug|x86
		{9F719099-AC14-43C2-A02C-1C5DACD0690E}.Release|x86.ActiveCfg = Release|x86
		{9F719099-AC14-43C2-A02C-1C5DACD0690E}.Release|x86.Build.0 = Release|x86
		{320F9B62-E2B8-46D7-B70A-F3C53B8C3A17}.Debug|x86.ActiveCfg = Debug|x86
		{320F9B62-E2B8-46D7-B70A-F3C53B8C3A17}.Debug|x86.Build.0 = Debug|x86
		{320F9B62-E2B8-46D7-B70A-F3C53B8C3A17}.Release|x86.ActiveCfg = Release|x86
		{320F9B62-E2B8-46D7-B70A-F3C53B8C3A17}.Release|x86.Build.0 = Release|x86
	EndGlobalSection
	GlobalSection(SolutionProperties) = preSolution
		HideSolutionNode = FALSE
	EndGlobalSection
EndGlobal
