
Microsoft Visual Studio Solution File, Format Version 10.00
# Visual C# Express 2008
Project("{FAE04EC0-301F-11D3-BF4B-00C04F79EFBC}") = "Radegast.Plugin.Voice", "Radegast.Plugin.Voice.csproj", "{26579F67-238A-4848-89B1-1E47FCA4BE3F}"
EndProject
Global
	GlobalSection(SolutionConfigurationPlatforms) = preSolution
		Debug|Any CPU = Debug|Any CPU
		Release|Any CPU = Release|Any CPU
	EndGlobalSection
	GlobalSection(ProjectConfigurationPlatforms) = postSolution
		{26579F67-238A-4848-89B1-1E47FCA4BE3F}.Debug|Any CPU.ActiveCfg = Debug|Any CPU
		{26579F67-238A-4848-89B1-1E47FCA4BE3F}.Debug|Any CPU.Build.0 = Debug|Any CPU
		{26579F67-238A-4848-89B1-1E47FCA4BE3F}.Release|Any CPU.ActiveCfg = Release|Any CPU
		{26579F67-238A-4848-89B1-1E47FCA4BE3F}.Release|Any CPU.Build.0 = Release|Any CPU
	EndGlobalSection
	GlobalSection(SolutionProperties) = preSolution
		HideSolutionNode = FALSE
	EndGlobalSection
EndGlobal
